{
  "nodes": {
    "elisp-helpers": {
      "inputs": {
        "fromElisp": "fromElisp"
      },
      "locked": {
        "lastModified": 1782098990,
        "narHash": "sha256-cdzwG8NRXtwlG25Tjfvscx9nKllZbNbEHvK/q7Sdmak=",
        "owner": "emacs-twist",
        "repo": "elisp-helpers",
        "rev": "6ed8c5617af3d62a456ad1407c2e22feefd48b1b",
        "type": "github"
      },
      "original": {
        "owner": "emacs-twist",
        "repo": "elisp-helpers",
        "type": "github"
      }
    },
    "emacs-overlay": {
      "inputs": {
        "nixpkgs": [
          "nixpkgs"
        ],
        "nixpkgs-stable": "nixpkgs-stable"
      },
      "locked": {
        "lastModified": 1787218027,
        "narHash": "sha256-VU0Bhl+n7gwJEHqv04Os5gaZkVqq2t2SXaG90E+VXtQ=",
        "owner": "nix-community",
        "repo": "emacs-overlay",
        "rev": "2d882b3cd3c18674cf3f8670c7553b05c1d6e0dc",
        "type": "github"
      },
      "original": {
        "owner": "nix-community",
        "repo": "emacs-overlay",
        "type": "github"
      }
    },
    "fromElisp": {
      "flake": false,
      "locked": {
        "lastModified": 1723987997,
        "narHash": "sha256-OhaVgTG6zjLByzl+uPTvtCld3p2uqgbCXmOl/s3LVRo=",
        "owner": "talyz",
        "repo": "fromElisp",
        "rev": "f071a0e262c02c0895b575c4e322b7fd90713543",
        "type": "github"
      },
      "original": {
        "owner": "talyz",
        "repo": "fromElisp",
        "type": "github"
      }
    },
    "gnu-elpa": {
      "flake": false,
      "locked": {
        "lastModified": 1786466209,
        "narHash": "sha256-JokS/bCsrx57CDsxxjbrkkHNXrrrlhEbj2M7Q99MDY8=",
        "owner": "elpa-mirrors",
        "repo": "elpa",
        "rev": "e0751d74948c9221dfe76e1f0789228a70081560",
        "type": "github"
      },
      "original": {
        "owner": "elpa-mirrors",
        "repo": "elpa",
        "type": "github"
      }
    },
    "gnu-elpa-archive": {
      "flake": false,
      "locked": {
        "narHash": "sha256-2akVt6HiAleTbdWGMTHsnEs7DJNTGg4q8HJ/96p5ptY=",
        "type": "file",
        "url": "https://elpa.gnu.org/packages/archive-contents"
      },
      "original": {
        "type": "file",
        "url": "https://elpa.gnu.org/packages/archive-contents"
      }
    },
    "melpa": {
      "flake": false,
      "locked": {
        "lastModified": 1786903863,
        "narHash": "sha256-Iwct3PoJ6hhwZJbGdqJZBQlMNBtCxfUkujdPqxKGvfU=",
        "owner": "melpa",
        "repo": "melpa",
        "rev": "fa4a6c0d3e91acdf258317e325ad037a472887ec",
        "type": "github"
      },
      "original": {
        "owner": "melpa",
        "repo": "melpa",
        "type": "github"
      }
    },
    "nix-filter": {
      "locked": {
        "lastModified": 1757882181,
        "narHash": "sha256-+cCxYIh2UNalTz364p+QYmWHs0P+6wDhiWR4jDIKQIU=",
        "owner": "numtide",
        "repo": "nix-filter",
        "rev": "59c44d1909c72441144b93cf0f054be7fe764de5",
        "type": "github"
      },
      "original": {
        "owner": "numtide",
        "repo": "nix-filter",
        "type": "github"
      }
    },
    "nixpkgs": {
      "locked": {
        "lastModified": 1787135253,
        "narHash": "sha256-RD2kNWCG+Bjo6h+JVjWVNntZs2GtRoeY2xHjts/FNkA=",
        "ref": "nixos-unstable",
        "rev": "ffb3c9b700e759be2ef13237c9d8f953b32a1e46",
        "shallow": true,
        "type": "git",
        "url": "https://github.com/nixos/nixpkgs"
      },
      "original": {
        "ref": "nixos-unstable",
        "shallow": true,
        "type": "git",
        "url": "https://github.com/nixos/nixpkgs"
      }
    },
    "nixpkgs-stable": {
      "locked": {
        "lastModified": 1787101114,
        "narHash": "sha256-gwrPcFf/rDjHPaVflbDZ040ZDmBTRj/7+s8ZmE2SaIM=",
        "owner": "NixOS",
        "repo": "nixpkgs",
        "rev": "b18a4b905f8d028dc4476412e6d6891728695379",
        "type": "github"
      },
      "original": {
        "owner": "NixOS",
        "ref": "nixos-26.05",
        "repo": "nixpkgs",
        "type": "github"
      }
    },
    "nongnu-elpa": {
      "flake": false,
      "locked": {
        "lastModified": 1787172299,
        "narHash": "sha256-+D5b3JubsM+TtqbDSMtp/xELzfGDLoVRRluXGnM8FX8=",
        "owner": "elpa-mirrors",
        "repo": "nongnu",
        "rev": "6f2032b569ca4fb07e8627c7618682bfc88875df",
        "type": "github"
      },
      "original": {
        "owner": "elpa-mirrors",
        "repo": "nongnu",
        "type": "github"
      }
    },
    "nongnu-elpa-archive": {
      "flake": false,
      "locked": {
        "narHash": "sha256-KXtI0CosQT0cfm6mf8ZCdp1nCfqyx/IR6EciSftJWlw=",
        "type": "file",
        "url": "https://elpa.nongnu.org/nongnu/archive-contents"
      },
      "original": {
        "type": "file",
        "url": "https://elpa.nongnu.org/nongnu/archive-contents"
      }
    },
    "org-babel": {
      "locked": {
        "lastModified": 1781216126,
        "narHash": "sha256-f1OICjF3pdRb89ackr20ulKJeTfGnQKXns2mgxOxE00=",
        "owner": "emacs-twist",
        "repo": "org-babel",
        "rev": "e39a14ee977472e15c1c3019b7e00c0da9ecbaa2",
        "type": "github"
      },
      "original": {
        "owner": "emacs-twist",
        "repo": "org-babel",
        "type": "github"
      }
    },
    "root": {
      "inputs": {
        "emacs-overlay": "emacs-overlay",
        "gnu-elpa": "gnu-elpa",
        "gnu-elpa-archive": "gnu-elpa-archive",
        "melpa": "melpa",
        "nix-filter": "nix-filter",
        "nixpkgs": "nixpkgs",
        "nongnu-elpa": "nongnu-elpa",
        "nongnu-elpa-archive": "nongnu-elpa-archive",
        "org-babel": "org-babel",
        "tree-sitter-astro": "tree-sitter-astro",
        "treefmt-nix": "treefmt-nix",
        "twist": "twist",
        "twist-overrides": "twist-overrides",
        "twist2elpa": "twist2elpa"
      }
    },
    "tree-sitter-astro": {
      "flake": false,
      "locked": {
        "lastModified": 1745424178,
        "narHash": "sha256-TpXs3jbYn39EHxTdtSfR7wLA1L8v9uyK/ATPp5v4WqE=",
        "owner": "virchau13",
        "repo": "tree-sitter-astro",
        "rev": "213f6e6973d9b456c6e50e86f19f66877e7ef0ee",
        "type": "github"
      },
      "original": {
        "owner": "virchau13",
        "repo": "tree-sitter-astro",
        "type": "github"
      }
    },
    "treefmt-nix": {
      "inputs": {
        "nixpkgs": [
          "nixpkgs"
        ]
      },
      "locked": {
        "lastModified": 1786901030,
        "narHash": "sha256-WSFCsDSE5ffgD2MqzkM2CYjeFiKhRF/dJUN8uedb6YE=",
        "owner": "numtide",
        "repo": "treefmt-nix",
        "rev": "27b3b12a8e6375f28ebe122f07d230ca5459bbfa",
        "type": "github"
      },
      "original": {
        "owner": "numtide",
        "repo": "treefmt-nix",
        "type": "github"
      }
    },
    "twist": {
      "inputs": {
        "elisp-helpers": "elisp-helpers"
      },
      "locked": {
        "lastModified": 1786923958,
        "narHash": "sha256-9TVA1sn+NvbJwYgPELWoN4KS8CQtpKnLwWN+OYynGA0=",
        "owner": "emacs-twist",
        "repo": "twist.nix",
        "rev": "35b0bbe3356cecdbfb0e925ccd6f5c736209e2ba",
        "type": "github"
      },
      "original": {
        "owner": "emacs-twist",
        "repo": "twist.nix",
        "type": "github"
      }
    },
    "twist-overrides": {
      "locked": {
        "lastModified": 1777980862,
        "narHash": "sha256-i7VjVGueRWZjgv2BQbjS8sBxTkJtEfSNMpfOroNgG1Y=",
        "owner": "emacs-twist",
        "repo": "overrides",
        "rev": "3911769df3f50af3876d6efcb7e78de4316f31b2",
        "type": "github"
      },
      "original": {
        "owner": "emacs-twist",
        "repo": "overrides",
        "type": "github"
      }
    },
    "twist2elpa": {
      "inputs": {
        "twist": [
          "twist"
        ]
      },
      "locked": {
        "lastModified": 1756899343,
        "narHash": "sha256-4epNYHqwqnKtge6jinsC0XIqSeJAWBomdU7XI8xJVzk=",
        "owner": "emacs-twist",
        "repo": "twist2elpa",
        "rev": "036c05968c06f2e1af48e8dbeaa7eb4111d984c4",
        "type": "github"
      },
      "original": {
        "owner": "emacs-twist",
        "repo": "twist2elpa",
        "type": "github"
      }
    }
  },
  "root": "root",
  "version": 7
}
