{
  "nodes": {
    "alert": {
      "flake": false,
      "locked": {
        "lastModified": 1750013144,
        "narHash": "sha256-Ll8/hw4d+XNJxXMUvw89JWCeSV6Yb9O93+RWZuGa9FI=",
        "owner": "jwiegley",
        "repo": "alert",
        "rev": "d17ad05ade019fd3560c78f8ed57a352034797e8",
        "type": "github"
      },
      "original": {
        "owner": "jwiegley",
        "repo": "alert",
        "type": "github"
      }
    },
    "async": {
      "flake": false,
      "locked": {
        "lastModified": 1451290400,
        "narHash": "sha256-5nTkAnB6SOsFg9aXOxI5oON9RBByVO3Lq/vrmqHVgw4=",
        "owner": "jwiegley",
        "repo": "emacs-async",
        "rev": "1794ea4955c6eeb62471b232a2d4fd6a6925a2c9",
        "type": "github"
      },
      "original": {
        "lastModified": 1451290400,
        "owner": "jwiegley",
        "repo": "emacs-async",
        "rev": "1794ea4955c6eeb62471b232a2d4fd6a6925a2c9",
        "type": "github"
      }
    },
    "calibredb": {
      "flake": false,
      "locked": {
        "lastModified": 1753453796,
        "narHash": "sha256-XvgEFvMaUl3ZIdVccUMOzhmWVBYevx2XLiMtnpKLHyo=",
        "owner": "chenyanming",
        "repo": "calibredb.el",
        "rev": "320c28254c6f8d4c35ea5d4c7f91210a7a1a9bee",
        "type": "github"
      },
      "original": {
        "owner": "chenyanming",
        "repo": "calibredb.el",
        "type": "github"
      }
    },
    "closql": {
      "flake": false,
      "locked": {
        "lastModified": 1755280944,
        "narHash": "sha256-++HHB/bx/iOfLKDFKfpTmhe5J27fqLqjI8/MxtnSQ3o=",
        "owner": "magit",
        "repo": "closql",
        "rev": "08194fb97deb3a83863da7731cb316aa62058f22",
        "type": "github"
      },
      "original": {
        "owner": "magit",
        "repo": "closql",
        "type": "github"
      }
    },
    "compat": {
      "flake": false,
      "locked": {
        "lastModified": 1750343338,
        "narHash": "sha256-pLb+dt/PPvKZi4sRN9/EPrKvEC1felBk9jJoXKq4fxI=",
        "owner": "emacs-compat",
        "repo": "compat",
        "rev": "cccd41f549fa88031a32deb26253b462021d7e12",
        "type": "github"
      },
      "original": {
        "owner": "emacs-compat",
        "repo": "compat",
        "type": "github"
      }
    },
    "dash": {
      "flake": false,
      "locked": {
        "lastModified": 1755165091,
        "narHash": "sha256-X1ugYAPFgoQoD6teyvGoqcfEau6Jp2akci2fAMgYkS0=",
        "owner": "magnars",
        "repo": "dash.el",
        "rev": "af5ea5d8a13735fa27d2c3e6f756d065639a7b45",
        "type": "github"
      },
      "original": {
        "owner": "magnars",
        "repo": "dash.el",
        "type": "github"
      }
    },
    "eca": {
      "flake": false,
      "locked": {
        "lastModified": 1760994017,
        "narHash": "sha256-NBbPGYidFUfR3+dTdULrosUqLggp8YctDQYblbNlmOs=",
        "owner": "editor-code-assistant",
        "repo": "eca-emacs",
        "rev": "fe0f6c27814cad750e581643b5c83235e67b9a24",
        "type": "github"
      },
      "original": {
        "owner": "editor-code-assistant",
        "repo": "eca-emacs",
        "type": "github"
      }
    },
    "elysium": {
      "flake": false,
      "locked": {
        "lastModified": 1743957529,
        "narHash": "sha256-Xux9yhLuxiI5+C/2VnOJLi/Ri7iVLQJJwBK03ImYNHQ=",
        "owner": "lanceberge",
        "repo": "elysium",
        "rev": "049ad3091baf3ce578791187c5e5e4f932c26044",
        "type": "github"
      },
      "original": {
        "owner": "lanceberge",
        "repo": "elysium",
        "type": "github"
      }
    },
    "emacsql": {
      "flake": false,
      "locked": {
        "lastModified": 1754946214,
        "narHash": "sha256-IDcX2x+DK8INgkZRnaGuB1PXUP9w6ll6oHfwE2WxXpE=",
        "owner": "magit",
        "repo": "emacsql",
        "rev": "bc6713fb763388f43111ba1488df9263d5dc505b",
        "type": "github"
      },
      "original": {
        "owner": "magit",
        "repo": "emacsql",
        "type": "github"
      }
    },
    "epkg": {
      "flake": false,
      "locked": {
        "lastModified": 1755969194,
        "narHash": "sha256-BLrZ1xoUIgoW/FgYXuhmBeRvWhQ/yPULLTRz5d614Xk=",
        "owner": "emacscollective",
        "repo": "epkg",
        "rev": "832b346491475f390a9ab185e3659a720c047a02",
        "type": "github"
      },
      "original": {
        "owner": "emacscollective",
        "repo": "epkg",
        "type": "github"
      }
    },
    "epkg-marginalia": {
      "flake": false,
      "locked": {
        "lastModified": 1755981320,
        "narHash": "sha256-hR2tDNmMJoj3wk9Dvi6sYg5yNVHrN6mi+9MRIpxdbOY=",
        "owner": "emacscollective",
        "repo": "epkg-marginalia",
        "rev": "8071419d7031f7caf8c5e6ec711f5c97fc9a8697",
        "type": "github"
      },
      "original": {
        "owner": "emacscollective",
        "repo": "epkg-marginalia",
        "type": "github"
      }
    },
    "esxml": {
      "flake": false,
      "locked": {
        "lastModified": 1745253124,
        "narHash": "sha256-CoaoNAIYCMDG87SXACyQwlKG0WWjQvYb/FHY70fpHPs=",
        "owner": "tali713",
        "repo": "esxml",
        "rev": "affada143fed7e2da08f2b3d927a027f26ad4a8f",
        "type": "github"
      },
      "original": {
        "owner": "tali713",
        "repo": "esxml",
        "type": "github"
      }
    },
    "f": {
      "flake": false,
      "locked": {
        "lastModified": 1727955076,
        "narHash": "sha256-rDUl2oUlcnSjNbFZn9A/80RVk6neaTScw2kvh6FjmTE=",
        "owner": "rejeep",
        "repo": "f.el",
        "rev": "931b6d0667fe03e7bf1c6c282d6d8d7006143c52",
        "type": "github"
      },
      "original": {
        "owner": "rejeep",
        "repo": "f.el",
        "type": "github"
      }
    },
    "gntp": {
      "flake": false,
      "locked": {
        "lastModified": 1414205413,
        "narHash": "sha256-avhib7p0Xot6FZVRuBqtFGV9ogbpXUZ8vzXm5qWUfts=",
        "owner": "tekai",
        "repo": "gntp.el",
        "rev": "767571135e2c0985944017dc59b0be79af222ef5",
        "type": "github"
      },
      "original": {
        "owner": "tekai",
        "repo": "gntp.el",
        "type": "github"
      }
    },
    "gptel": {
      "flake": false,
      "locked": {
        "lastModified": 1755499693,
        "narHash": "sha256-55L99dnR/3kuKFo8YgtnPQZNMwcOfXhcUNAZQmyFaM8=",
        "owner": "karthink",
        "repo": "gptel",
        "rev": "ca6086888ced9d01aec5ec3d7bbc69d308734b4f",
        "type": "github"
      },
      "original": {
        "owner": "karthink",
        "repo": "gptel",
        "type": "github"
      }
    },
    "gt": {
      "flake": false,
      "locked": {
        "lastModified": 1753583428,
        "narHash": "sha256-saIh7+dtulRvM+4crE/WaVPgf+JvnfX47UJtPdPcOf0=",
        "owner": "lorniu",
        "repo": "gt.el",
        "rev": "f9febd8583ea482f72139e02f440f3972502f5a2",
        "type": "github"
      },
      "original": {
        "owner": "lorniu",
        "repo": "gt.el",
        "type": "github"
      }
    },
    "ht": {
      "flake": false,
      "locked": {
        "lastModified": 1688363925,
        "narHash": "sha256-suE9ncN4rTA/9GcfAK6B+m9vnE8pYpfGavCFrXpA0+8=",
        "owner": "Wilfred",
        "repo": "ht.el",
        "rev": "1c49aad1c820c86f7ee35bf9fff8429502f60fef",
        "type": "github"
      },
      "original": {
        "owner": "Wilfred",
        "repo": "ht.el",
        "type": "github"
      }
    },
    "llama": {
      "flake": false,
      "locked": {
        "lastModified": 1755005770,
        "narHash": "sha256-q4A9R7SQdpiVCOQOagqhzgEeFTJlnMzkHahE6sFzrRA=",
        "owner": "tarsius",
        "repo": "llama",
        "rev": "5990ae7b5cba3425252f64b9377352c9a01690d5",
        "type": "github"
      },
      "original": {
        "owner": "tarsius",
        "repo": "llama",
        "type": "github"
      }
    },
    "log4e": {
      "flake": false,
      "locked": {
        "lastModified": 1706015586,
        "narHash": "sha256-RPLoHl1G49yJKwatHfw2TrX4fzwFrsYznC7Cj8JvCPQ=",
        "owner": "aki2o",
        "repo": "log4e",
        "rev": "6d71462df9bf595d3861bfb328377346aceed422",
        "type": "github"
      },
      "original": {
        "owner": "aki2o",
        "repo": "log4e",
        "type": "github"
      }
    },
    "marginalia": {
      "flake": false,
      "locked": {
        "lastModified": 1754347419,
        "narHash": "sha256-tsCK+Yokfqv7La7/OMncPg+sccpDl3rjWKWR1TiFGNg=",
        "owner": "minad",
        "repo": "marginalia",
        "rev": "a975ac0bfe927f46cd179a7e4899bf52fd7a6ea2",
        "type": "github"
      },
      "original": {
        "owner": "minad",
        "repo": "marginalia",
        "type": "github"
      }
    },
    "markdown-mode": {
      "flake": false,
      "locked": {
        "lastModified": 1754972581,
        "narHash": "sha256-DiV7J1W8Rh1Wj1BSzwV12ee0W7f8OAAvWHxbiTau5LI=",
        "owner": "jrblevin",
        "repo": "markdown-mode",
        "rev": "d51c469133d220823cc6ab50ff8e8743ed6e42fb",
        "type": "github"
      },
      "original": {
        "owner": "jrblevin",
        "repo": "markdown-mode",
        "type": "github"
      }
    },
    "mastodon": {
      "flake": false,
      "locked": {
        "lastModified": 1754044356,
        "narHash": "sha256-dRm5nDzpGZicUnNjOUAJlm3ZilfG9BvuuGBkPkcWPY8=",
        "ref": "refs/heads/main",
        "rev": "3e05dc0952c9d34d918e629a80492462adb7aa15",
        "revCount": 3064,
        "type": "git",
        "url": "https://codeberg.org/martianh/mastodon.el.git"
      },
      "original": {
        "type": "git",
        "url": "https://codeberg.org/martianh/mastodon.el.git"
      }
    },
    "nov": {
      "flake": false,
      "locked": {
        "lastModified": 1749984675,
        "narHash": "sha256-s+2jtzNtqDXiU1/G4Q3R6Ozc3JrrRA/Rgx4EKGF7Wy4=",
        "ref": "refs/heads/master",
        "rev": "933816c190633fa1f2f0667ba105d1311572b3c6",
        "revCount": 147,
        "type": "git",
        "url": "https://depp.brause.cc/nov.el.git"
      },
      "original": {
        "type": "git",
        "url": "https://depp.brause.cc/nov.el.git"
      }
    },
    "org-clock-convenience": {
      "flake": false,
      "locked": {
        "lastModified": 1749286761,
        "narHash": "sha256-hIrhMcR5GHP2+41iZwdrhkWxL+20uQwrN4XD+Tc4B5w=",
        "owner": "dfeich",
        "repo": "org-clock-convenience",
        "rev": "42af7c611bcbc818653cd5f5574ef2ff8df0eb22",
        "type": "github"
      },
      "original": {
        "owner": "dfeich",
        "repo": "org-clock-convenience",
        "type": "github"
      }
    },
    "org-download": {
      "flake": false,
      "locked": {
        "lastModified": 1731955573,
        "narHash": "sha256-J+bzxgIkbeBK+Uy8g7/J4bhd7UY+kWgIrywi7wBzJJ4=",
        "owner": "abo-abo",
        "repo": "org-download",
        "rev": "c8be2611786d1d8d666b7b4f73582de1093f25ac",
        "type": "github"
      },
      "original": {
        "owner": "abo-abo",
        "repo": "org-download",
        "type": "github"
      }
    },
    "org-journal": {
      "flake": false,
      "locked": {
        "lastModified": 1748170665,
        "narHash": "sha256-WLwU9IyqO8lQ+AYWRG9RxJt9yRtnhN7zjCvWVtIBDUo=",
        "owner": "bastibe",
        "repo": "org-journal",
        "rev": "c72d7c75f8a05d1032250e307d35797ceee7e578",
        "type": "github"
      },
      "original": {
        "owner": "bastibe",
        "repo": "org-journal",
        "type": "github"
      }
    },
    "org-make-toc": {
      "flake": false,
      "locked": {
        "lastModified": 1725050787,
        "narHash": "sha256-9Bw2aLBrL/T6LLqO69yZfx9bAL2GChhwaDFdzBDscSw=",
        "owner": "alphapapa",
        "repo": "org-make-toc",
        "rev": "5f0f39b11c091a5abf49ddf78a6f740252920f78",
        "type": "github"
      },
      "original": {
        "owner": "alphapapa",
        "repo": "org-make-toc",
        "type": "github"
      }
    },
    "org-modern": {
      "flake": false,
      "locked": {
        "lastModified": 1754347509,
        "narHash": "sha256-qN9SMYddvCbT9j8kDRunGFFho8k/9Me1VirO5/yhxjc=",
        "owner": "minad",
        "repo": "org-modern",
        "rev": "04cbbb639c16cab821cf3db5bf6f1def50115a8d",
        "type": "github"
      },
      "original": {
        "owner": "minad",
        "repo": "org-modern",
        "type": "github"
      }
    },
    "org-nix-shell": {
      "flake": false,
      "locked": {
        "lastModified": 1717405157,
        "narHash": "sha256-dSo5oFkEOooX52EJscFjh1dfM1os2TgmcXYIOTkWd/0=",
        "owner": "AntonHakansson",
        "repo": "org-nix-shell",
        "rev": "f359d9e1053fadee86dd668f4789ae2e700d8e8a",
        "type": "github"
      },
      "original": {
        "owner": "AntonHakansson",
        "repo": "org-nix-shell",
        "type": "github"
      }
    },
    "org-pomodoro": {
      "flake": false,
      "locked": {
        "lastModified": 1647620338,
        "narHash": "sha256-ldzctDWjc6i0yboO+AyXoMkbZTZQwZpEGAcCfcrwdvQ=",
        "owner": "marcinkoziej",
        "repo": "org-pomodoro",
        "rev": "3f5bcfb80d61556d35fc29e5ddb09750df962cc6",
        "type": "github"
      },
      "original": {
        "owner": "marcinkoziej",
        "repo": "org-pomodoro",
        "type": "github"
      }
    },
    "org-ql": {
      "flake": false,
      "locked": {
        "lastModified": 1745199180,
        "narHash": "sha256-MLbbxZzSm90Bq28mPHZTyAxndJR3FpFInBy9jKm1Pqg=",
        "owner": "alphapapa",
        "repo": "org-ql",
        "rev": "4b8330a683c43bb4a2c64ccce8cd5a90c8b174ca",
        "type": "github"
      },
      "original": {
        "owner": "alphapapa",
        "repo": "org-ql",
        "type": "github"
      }
    },
    "org-recur": {
      "flake": false,
      "locked": {
        "lastModified": 1685023306,
        "narHash": "sha256-LUL8S4Kjgyw0n9NiRzAVByhuXAAbd18A5YpLBNhLXYU=",
        "owner": "mrcnski",
        "repo": "org-recur",
        "rev": "ffcabeff7db829d7b9682128f95990c13e70c055",
        "type": "github"
      },
      "original": {
        "owner": "mrcnski",
        "repo": "org-recur",
        "type": "github"
      }
    },
    "org-reverse-datetree": {
      "flake": false,
      "locked": {
        "lastModified": 1756724989,
        "narHash": "sha256-4wbvUNrM4yiFmlV2hLn0VuDIoPt/OAkotEQszYP7AOI=",
        "owner": "akirak",
        "repo": "org-reverse-datetree",
        "rev": "23c4063850f9bab47daac37e81ed366bdc8f769c",
        "type": "github"
      },
      "original": {
        "owner": "akirak",
        "repo": "org-reverse-datetree",
        "type": "github"
      }
    },
    "org-super-agenda": {
      "flake": false,
      "locked": {
        "lastModified": 1745199040,
        "narHash": "sha256-AC7OqHwXJ5WCByh6fAz9WdJCqDN98fMove9/Wv1FuxM=",
        "owner": "alphapapa",
        "repo": "org-super-agenda",
        "rev": "fb20ad9c8a9705aa05d40751682beae2d094e0fe",
        "type": "github"
      },
      "original": {
        "owner": "alphapapa",
        "repo": "org-super-agenda",
        "type": "github"
      }
    },
    "org-super-links": {
      "flake": false,
      "locked": {
        "lastModified": 1750525188,
        "narHash": "sha256-9SGb+imKyi6J+mpBtkheOLAIpmd0E55i0BOGBT617gE=",
        "owner": "toshism",
        "repo": "org-super-links",
        "rev": "ce04bd04b20c498f6deb6338aff142f312144e3b",
        "type": "github"
      },
      "original": {
        "owner": "toshism",
        "repo": "org-super-links",
        "type": "github"
      }
    },
    "org-transclusion": {
      "flake": false,
      "locked": {
        "lastModified": 1716239161,
        "narHash": "sha256-B8f0Mj9jdOXW8GxKvAAn+qyVSWojJywiXoO047l5624=",
        "type": "tarball",
        "url": "https://elpa.gnu.org/packages/org-transclusion-1.4.0.tar"
      },
      "original": {
        "lastModified": 1716239161,
        "type": "tarball",
        "url": "https://elpa.gnu.org/packages/org-transclusion-1.4.0.tar"
      }
    },
    "org-web-tools": {
      "flake": false,
      "locked": {
        "lastModified": 1703085350,
        "narHash": "sha256-QAVpia4mDOuzElk7yRIhUJJnOKiWAM5OckgZeoUPMnQ=",
        "owner": "alphapapa",
        "repo": "org-web-tools",
        "rev": "7a6498f442fc7f29504745649948635c7165d847",
        "type": "github"
      },
      "original": {
        "owner": "alphapapa",
        "repo": "org-web-tools",
        "type": "github"
      }
    },
    "osm": {
      "flake": false,
      "locked": {
        "lastModified": 1754347423,
        "narHash": "sha256-6KhCqO82sKqwdM1jRbUM4T1Bi0kG6UxawUdBiOUR7qU=",
        "owner": "minad",
        "repo": "osm",
        "rev": "d7c0c837364e72d500fabc640b3818e6ea196c4c",
        "type": "github"
      },
      "original": {
        "owner": "minad",
        "repo": "osm",
        "type": "github"
      }
    },
    "ov": {
      "flake": false,
      "locked": {
        "lastModified": 1684754226,
        "narHash": "sha256-ZYnC9ZCF/PewNxU3SZDAtnrW9kIy4F26F7BfALDSFrk=",
        "owner": "emacsorphanage",
        "repo": "ov",
        "rev": "e2971ad986b6ac441e9849031d34c56c980cf40b",
        "type": "github"
      },
      "original": {
        "owner": "emacsorphanage",
        "repo": "ov",
        "type": "github"
      }
    },
    "pdd": {
      "flake": false,
      "locked": {
        "lastModified": 1754716167,
        "narHash": "sha256-1Sajtus0VOBL2EWprKm/H3Q7h4hv1e0ooSW7sDFgTgs=",
        "owner": "lorniu",
        "repo": "pdd.el",
        "rev": "533e8fde36cb9fae1fae3bf44eb6dbf39ec10f53",
        "type": "github"
      },
      "original": {
        "owner": "lorniu",
        "repo": "pdd.el",
        "type": "github"
      }
    },
    "pdf-tools": {
      "flake": false,
      "locked": {
        "lastModified": 1714363642,
        "narHash": "sha256-/UH3KcuZf9p7MA0ZzhqAgTv6LjKnBXHfJUOdIxV6KbI=",
        "owner": "vedang",
        "repo": "pdf-tools",
        "rev": "30b50544e55b8dbf683c2d932d5c33ac73323a16",
        "type": "github"
      },
      "original": {
        "owner": "vedang",
        "repo": "pdf-tools",
        "type": "github"
      }
    },
    "peg": {
      "flake": false,
      "locked": {
        "lastModified": 1711878471,
        "narHash": "sha256-dUg+kDdziNVRo773qr8jRkeCa0vjlIsgBJ6WoMhBGDs=",
        "type": "tarball",
        "url": "https://elpa.gnu.org/packages/peg-1.0.1.tar"
      },
      "original": {
        "lastModified": 1711878471,
        "type": "tarball",
        "url": "https://elpa.gnu.org/packages/peg-1.0.1.tar"
      }
    },
    "persist": {
      "flake": false,
      "locked": {
        "lastModified": 1718485631,
        "narHash": "sha256-U0em7vsRvAqh7F2Tjmwu4HYsyZbN0zfhby65nhceqz4=",
        "type": "tarball",
        "url": "https://elpa.gnu.org/packages/persist-0.8.tar"
      },
      "original": {
        "lastModified": 1718485631,
        "type": "tarball",
        "url": "https://elpa.gnu.org/packages/persist-0.8.tar"
      }
    },
    "plz": {
      "flake": false,
      "locked": {
        "lastModified": 1723842760,
        "narHash": "sha256-GRdYTm+7lslbfiMzT3xFKWiekQrYXWW8RXkuThDPL/Y=",
        "owner": "alphapapa",
        "repo": "plz.el",
        "rev": "c579f039ffdb52ff61775ff25510a9c26e25d0c5",
        "type": "github"
      },
      "original": {
        "owner": "alphapapa",
        "ref": "stable",
        "repo": "plz.el",
        "type": "github"
      }
    },
    "prodigy": {
      "flake": false,
      "locked": {
        "lastModified": 1743576463,
        "narHash": "sha256-RC9F7tGegtDDXeK9fmLo+zBjfoUM3gdbsKr5/m0UQq4=",
        "owner": "rejeep",
        "repo": "prodigy.el",
        "rev": "336450ba90864dec62c8c883554d34aa18132165",
        "type": "github"
      },
      "original": {
        "owner": "rejeep",
        "repo": "prodigy.el",
        "type": "github"
      }
    },
    "request": {
      "flake": false,
      "locked": {
        "lastModified": 1740009121,
        "narHash": "sha256-BFxOsHTKHghIPFeUyaNXJGZbCD2mIMdRG2qby8p0TpU=",
        "owner": "tkf",
        "repo": "emacs-request",
        "rev": "c22e3c23a6dd90f64be536e176ea0ed6113a5ba6",
        "type": "github"
      },
      "original": {
        "owner": "tkf",
        "repo": "emacs-request",
        "type": "github"
      }
    },
    "root": {
      "inputs": {
        "alert": "alert",
        "async": "async",
        "calibredb": "calibredb",
        "closql": "closql",
        "compat": "compat",
        "dash": "dash",
        "eca": "eca",
        "elysium": "elysium",
        "emacsql": "emacsql",
        "epkg": "epkg",
        "epkg-marginalia": "epkg-marginalia",
        "esxml": "esxml",
        "f": "f",
        "gntp": "gntp",
        "gptel": "gptel",
        "gt": "gt",
        "ht": "ht",
        "llama": "llama",
        "log4e": "log4e",
        "marginalia": "marginalia",
        "markdown-mode": "markdown-mode",
        "mastodon": "mastodon",
        "nov": "nov",
        "org-clock-convenience": "org-clock-convenience",
        "org-download": "org-download",
        "org-journal": "org-journal",
        "org-make-toc": "org-make-toc",
        "org-modern": "org-modern",
        "org-nix-shell": "org-nix-shell",
        "org-pomodoro": "org-pomodoro",
        "org-ql": "org-ql",
        "org-recur": "org-recur",
        "org-reverse-datetree": "org-reverse-datetree",
        "org-super-agenda": "org-super-agenda",
        "org-super-links": "org-super-links",
        "org-transclusion": "org-transclusion",
        "org-web-tools": "org-web-tools",
        "osm": "osm",
        "ov": "ov",
        "pdd": "pdd",
        "pdf-tools": "pdf-tools",
        "peg": "peg",
        "persist": "persist",
        "plz": "plz",
        "prodigy": "prodigy",
        "request": "request",
        "s": "s",
        "tablist": "tablist",
        "tp": "tp",
        "ts": "ts"
      }
    },
    "s": {
      "flake": false,
      "locked": {
        "lastModified": 1681482914,
        "narHash": "sha256-fbF/SyPwEiJICaPBq0xWj2yLWjdNwkaLF2iYvZ2EO1k=",
        "owner": "magnars",
        "repo": "s.el",
        "rev": "dda84d38fffdaf0c9b12837b504b402af910d01d",
        "type": "github"
      },
      "original": {
        "owner": "magnars",
        "repo": "s.el",
        "type": "github"
      }
    },
    "tablist": {
      "flake": false,
      "locked": {
        "lastModified": 1697714774,
        "narHash": "sha256-8XeE1pyrbkipBNBeoNMaOQN0RaOMgq6QNYbpjlLWMdg=",
        "owner": "emacsorphanage",
        "repo": "tablist",
        "rev": "fcd37147121fabdf003a70279cf86fbe08cfac6f",
        "type": "github"
      },
      "original": {
        "owner": "emacsorphanage",
        "repo": "tablist",
        "type": "github"
      }
    },
    "tp": {
      "flake": false,
      "locked": {
        "lastModified": 1738829549,
        "narHash": "sha256-us0DE7dFQT0z7UvTsg8ZI+BaApFDhHKfqLAq/huRYMM=",
        "ref": "refs/heads/main",
        "rev": "cce2dfe0ec2b5c070cb13a7bdf95695eeb6e3caf",
        "revCount": 75,
        "type": "git",
        "url": "https://codeberg.org/martianh/tp.el.git"
      },
      "original": {
        "type": "git",
        "url": "https://codeberg.org/martianh/tp.el.git"
      }
    },
    "ts": {
      "flake": false,
      "locked": {
        "lastModified": 1661210030,
        "narHash": "sha256-2UU1cPaB+hyEtk4rjwoC54BERcAup99aCrTZn0pwkaI=",
        "owner": "alphapapa",
        "repo": "ts.el",
        "rev": "552936017cfdec89f7fc20c254ae6b37c3f22c5b",
        "type": "github"
      },
      "original": {
        "owner": "alphapapa",
        "repo": "ts.el",
        "type": "github"
      }
    }
  },
  "root": "root",
  "version": 7
}
